
Microsoft Visual Studio Solution File, Format Version 12.00
# Visual Studio Version 16
VisualStudioVersion = 16.0.31605.320
MinimumVisualStudioVersion = 10.0.40219.1
Project("{8BC9CEB8-8B4A-11D0-8D11-00A0C91BC942}") = "arsenal", "arsenal\AgoraPython\arsenal.vcxproj", "{EF37F37B-26A8-4363-878B-1B82C138B62B}"
EndProject
Project("{8BC9CEB8-8B4A-11D0-8D11-00A0C91BC942}") = "3.5.209", "3.5.209\AgoraPython\3.5.209.vcxproj", "{128EA7A5-40C4-4A45-B45A-B2FF78759741}"
EndProject
Project("{8BC9CEB8-8B4A-11D0-8D11-00A0C91BC942}") = "3.6.200", "3.6.200\AgoraPython\3.6.200.vcxproj", "{5F8E2D2B-01D6-11EC-A2A6-80FA5B6C3241}"
EndProject
Project("{8BC9CEB8-8B4A-11D0-8D11-00A0C91BC942}") = "3.6.200.100", "3.6.200.100\AgoraPython\3.6.200.100.vcxproj", "{F3D79AE3-9A6E-4AC1-9F1B-14D733892ECC}"
EndProject
Project("{8BC9CEB8-8B4A-11D0-8D11-00A0C91BC942}") = "3.7.200", "3.7.200\AgoraPython\3.7.200.vcxproj", "{1236012C-531E-11EC-9163-00D861681D51}"
EndProject
Project("{8BC9CEB8-8B4A-11D0-8D11-00A0C91BC942}") = "3.6.200.102", "3.6.200.102\AgoraPython\3.6.200.102.vcxproj", "{49137FE4-B18F-11EC-BBA9-00D861681D51}"
EndProject
Project("{8BC9CEB8-8B4A-11D0-8D11-00A0C91BC942}") = "3.8.201", "3.8.201\AgoraPython\3.8.201.vcxproj", "{68027B4B-B6ED-11EC-9081-00D861681D51}"
EndProject
Project("{8BC9CEB8-8B4A-11D0-8D11-00A0C91BC942}") = "3.8.200", "3.8.200\AgoraPython\3.8.200.vcxproj", "{0D4BD714-B6EE-11EC-93A6-00D861681D51}"
EndProject
Project("{8BC9CEB8-8B4A-11D0-8D11-00A0C91BC942}") = "3.7.201.100", "3.7.201.100\AgoraPython\3.7.201.100.vcxproj", "{10DD3532-B971-11EC-99DB-00D861681D51}"
EndProject
Project("{8BC9CEB8-8B4A-11D0-8D11-00A0C91BC942}") = "3.7.204", "3.7.204\AgoraPython\3.7.204.vcxproj", "{1A075846-BA37-11EC-AA84-00D861681D51}"
EndProject
Project("{8BC9CEB8-8B4A-11D0-8D11-00A0C91BC942}") = "3.7.204.dev", "3.7.204.dev\AgoraPython\3.7.204.dev.vcxproj", "{B6F9B0BF-C630-11EC-A1D9-2A39265D5855}"
EndProject
Project("{8BC9CEB8-8B4A-11D0-8D11-00A0C91BC942}") = "3.8.202", "3.8.202\AgoraPython\3.8.202.vcxproj", "{144643D6-F2EC-11EC-9890-2A39265D5855}"
EndProject
Project("{8BC9CEB8-8B4A-11D0-8D11-00A0C91BC942}") = "3.6.200.105", "3.6.200.105\AgoraPython\3.6.200.105.vcxproj", "{9FF6A0E6-0A2E-11ED-85DD-60A5E280BBD6}"
EndProject
Global
	GlobalSection(SolutionConfigurationPlatforms) = preSolution
		Debug|x64 = Debug|x64
		Debug|x86 = Debug|x86
		Release|x64 = Release|x64
		Release|x86 = Release|x86
	EndGlobalSection
	GlobalSection(ProjectConfigurationPlatforms) = postSolution
		{EF37F37B-26A8-4363-878B-1B82C138B62B}.Debug|x64.ActiveCfg = Debug|x64
		{EF37F37B-26A8-4363-878B-1B82C138B62B}.Debug|x64.Build.0 = Debug|x64
		{EF37F37B-26A8-4363-878B-1B82C138B62B}.Debug|x86.ActiveCfg = Debug|Win32
		{EF37F37B-26A8-4363-878B-1B82C138B62B}.Debug|x86.Build.0 = Debug|Win32
		{EF37F37B-26A8-4363-878B-1B82C138B62B}.Release|x64.ActiveCfg = Release|x64
		{EF37F37B-26A8-4363-878B-1B82C138B62B}.Release|x64.Build.0 = Release|x64
		{EF37F37B-26A8-4363-878B-1B82C138B62B}.Release|x86.ActiveCfg = Release|Win32
		{EF37F37B-26A8-4363-878B-1B82C138B62B}.Release|x86.Build.0 = Release|Win32
		{128EA7A5-40C4-4A45-B45A-B2FF78759741}.Debug|x64.ActiveCfg = Debug|x64
		{128EA7A5-40C4-4A45-B45A-B2FF78759741}.Debug|x64.Build.0 = Debug|x64
		{128EA7A5-40C4-4A45-B45A-B2FF78759741}.Debug|x86.ActiveCfg = Debug|Win32
		{128EA7A5-40C4-4A45-B45A-B2FF78759741}.Debug|x86.Build.0 = Debug|Win32
		{128EA7A5-40C4-4A45-B45A-B2FF78759741}.Release|x64.ActiveCfg = Release|x64
		{128EA7A5-40C4-4A45-B45A-B2FF78759741}.Release|x64.Build.0 = Release|x64
		{128EA7A5-40C4-4A45-B45A-B2FF78759741}.Release|x86.ActiveCfg = Release|Win32
		{128EA7A5-40C4-4A45-B45A-B2FF78759741}.Release|x86.Build.0 = Release|Win32
		{5F8E2D2B-01D6-11EC-A2A6-80FA5B6C3241}.Debug|x64.ActiveCfg = Debug|x64
		{5F8E2D2B-01D6-11EC-A2A6-80FA5B6C3241}.Debug|x64.Build.0 = Debug|x64
		{5F8E2D2B-01D6-11EC-A2A6-80FA5B6C3241}.Debug|x86.ActiveCfg = Debug|Win32
		{5F8E2D2B-01D6-11EC-A2A6-80FA5B6C3241}.Debug|x86.Build.0 = Debug|Win32
		{5F8E2D2B-01D6-11EC-A2A6-80FA5B6C3241}.Release|x64.ActiveCfg = Release|x64
		{5F8E2D2B-01D6-11EC-A2A6-80FA5B6C3241}.Release|x64.Build.0 = Release|x64
		{5F8E2D2B-01D6-11EC-A2A6-80FA5B6C3241}.Release|x86.ActiveCfg = Release|Win32
		{5F8E2D2B-01D6-11EC-A2A6-80FA5B6C3241}.Release|x86.Build.0 = Release|Win32
		{F3D79AE3-9A6E-4AC1-9F1B-14D733892ECC}.Debug|x64.ActiveCfg = Debug|x64
		{F3D79AE3-9A6E-4AC1-9F1B-14D733892ECC}.Debug|x64.Build.0 = Debug|x64
		{F3D79AE3-9A6E-4AC1-9F1B-14D733892ECC}.Debug|x86.ActiveCfg = Debug|Win32
		{F3D79AE3-9A6E-4AC1-9F1B-14D733892ECC}.Debug|x86.Build.0 = Debug|Win32
		{F3D79AE3-9A6E-4AC1-9F1B-14D733892ECC}.Release|x64.ActiveCfg = Release|x64
		{F3D79AE3-9A6E-4AC1-9F1B-14D733892ECC}.Release|x64.Build.0 = Release|x64
		{F3D79AE3-9A6E-4AC1-9F1B-14D733892ECC}.Release|x86.ActiveCfg = Release|Win32
		{F3D79AE3-9A6E-4AC1-9F1B-14D733892ECC}.Release|x86.Build.0 = Release|Win32
		{1236012C-531E-11EC-9163-00D861681D51}.Debug|x64.ActiveCfg = Debug|x64
		{1236012C-531E-11EC-9163-00D861681D51}.Debug|x64.Build.0 = Debug|x64
		{1236012C-531E-11EC-9163-00D861681D51}.Debug|x86.ActiveCfg = Debug|Win32
		{1236012C-531E-11EC-9163-00D861681D51}.Debug|x86.Build.0 = Debug|Win32
		{1236012C-531E-11EC-9163-00D861681D51}.Release|x64.ActiveCfg = Release|x64
		{1236012C-531E-11EC-9163-00D861681D51}.Release|x64.Build.0 = Release|x64
		{1236012C-531E-11EC-9163-00D861681D51}.Release|x86.ActiveCfg = Release|Win32
		{1236012C-531E-11EC-9163-00D861681D51}.Release|x86.Build.0 = Release|Win32
		{49137FE4-B18F-11EC-BBA9-00D861681D51}.Debug|x64.ActiveCfg = Debug|x64
		{49137FE4-B18F-11EC-BBA9-00D861681D51}.Debug|x64.Build.0 = Debug|x64
		{49137FE4-B18F-11EC-BBA9-00D861681D51}.Debug|x86.ActiveCfg = Debug|Win32
		{49137FE4-B18F-11EC-BBA9-00D861681D51}.Debug|x86.Build.0 = Debug|Win32
		{49137FE4-B18F-11EC-BBA9-00D861681D51}.Release|x64.ActiveCfg = Release|x64
		{49137FE4-B18F-11EC-BBA9-00D861681D51}.Release|x64.Build.0 = Release|x64
		{49137FE4-B18F-11EC-BBA9-00D861681D51}.Release|x86.ActiveCfg = Release|Win32
		{49137FE4-B18F-11EC-BBA9-00D861681D51}.Release|x86.Build.0 = Release|Win32
		{68027B4B-B6ED-11EC-9081-00D861681D51}.Debug|x64.ActiveCfg = Debug|x64
		{68027B4B-B6ED-11EC-9081-00D861681D51}.Debug|x64.Build.0 = Debug|x64
		{68027B4B-B6ED-11EC-9081-00D861681D51}.Debug|x86.ActiveCfg = Debug|Win32
		{68027B4B-B6ED-11EC-9081-00D861681D51}.Debug|x86.Build.0 = Debug|Win32
		{68027B4B-B6ED-11EC-9081-00D861681D51}.Release|x64.ActiveCfg = Release|x64
		{68027B4B-B6ED-11EC-9081-00D861681D51}.Release|x64.Build.0 = Release|x64
		{68027B4B-B6ED-11EC-9081-00D861681D51}.Release|x86.ActiveCfg = Release|Win32
		{68027B4B-B6ED-11EC-9081-00D861681D51}.Release|x86.Build.0 = Release|Win32
		{0D4BD714-B6EE-11EC-93A6-00D861681D51}.Debug|x64.ActiveCfg = Debug|x64
		{0D4BD714-B6EE-11EC-93A6-00D861681D51}.Debug|x64.Build.0 = Debug|x64
		{0D4BD714-B6EE-11EC-93A6-00D861681D51}.Debug|x86.ActiveCfg = Debug|Win32
		{0D4BD714-B6EE-11EC-93A6-00D861681D51}.Debug|x86.Build.0 = Debug|Win32
		{0D4BD714-B6EE-11EC-93A6-00D861681D51}.Release|x64.ActiveCfg = Release|x64
		{0D4BD714-B6EE-11EC-93A6-00D861681D51}.Release|x64.Build.0 = Release|x64
		{0D4BD714-B6EE-11EC-93A6-00D861681D51}.Release|x86.ActiveCfg = Release|Win32
		{0D4BD714-B6EE-11EC-93A6-00D861681D51}.Release|x86.Build.0 = Release|Win32
		{10DD3532-B971-11EC-99DB-00D861681D51}.Debug|x64.ActiveCfg = Debug|x64
		{10DD3532-B971-11EC-99DB-00D861681D51}.Debug|x64.Build.0 = Debug|x64
		{10DD3532-B971-11EC-99DB-00D861681D51}.Debug|x86.ActiveCfg = Debug|Win32
		{10DD3532-B971-11EC-99DB-00D861681D51}.Debug|x86.Build.0 = Debug|Win32
		{10DD3532-B971-11EC-99DB-00D861681D51}.Release|x64.ActiveCfg = Release|x64
		{10DD3532-B971-11EC-99DB-00D861681D51}.Release|x64.Build.0 = Release|x64
		{10DD3532-B971-11EC-99DB-00D861681D51}.Release|x86.ActiveCfg = Release|Win32
		{10DD3532-B971-11EC-99DB-00D861681D51}.Release|x86.Build.0 = Release|Win32
		{1A075846-BA37-11EC-AA84-00D861681D51}.Debug|x64.ActiveCfg = Debug|x64
		{1A075846-BA37-11EC-AA84-00D861681D51}.Debug|x64.Build.0 = Debug|x64
		{1A075846-BA37-11EC-AA84-00D861681D51}.Debug|x86.ActiveCfg = Debug|Win32
		{1A075846-BA37-11EC-AA84-00D861681D51}.Debug|x86.Build.0 = Debug|Win32
		{1A075846-BA37-11EC-AA84-00D861681D51}.Release|x64.ActiveCfg = Release|x64
		{1A075846-BA37-11EC-AA84-00D861681D51}.Release|x64.Build.0 = Release|x64
		{1A075846-BA37-11EC-AA84-00D861681D51}.Release|x86.ActiveCfg = Release|Win32
		{1A075846-BA37-11EC-AA84-00D861681D51}.Release|x86.Build.0 = Release|Win32
		{B6F9B0BF-C630-11EC-A1D9-2A39265D5855}.Debug|x64.ActiveCfg = Debug|x64
		{B6F9B0BF-C630-11EC-A1D9-2A39265D5855}.Debug|x64.Build.0 = Debug|x64
		{B6F9B0BF-C630-11EC-A1D9-2A39265D5855}.Debug|x86.ActiveCfg = Debug|Win32
		{B6F9B0BF-C630-11EC-A1D9-2A39265D5855}.Debug|x86.Build.0 = Debug|Win32
		{B6F9B0BF-C630-11EC-A1D9-2A39265D5855}.Release|x64.ActiveCfg = Release|x64
		{B6F9B0BF-C630-11EC-A1D9-2A39265D5855}.Release|x64.Build.0 = Release|x64
		{B6F9B0BF-C630-11EC-A1D9-2A39265D5855}.Release|x86.ActiveCfg = Release|Win32
		{B6F9B0BF-C630-11EC-A1D9-2A39265D5855}.Release|x86.Build.0 = Release|Win32
		{144643D6-F2EC-11EC-9890-2A39265D5855}.Debug|x64.ActiveCfg = Debug|x64
		{144643D6-F2EC-11EC-9890-2A39265D5855}.Debug|x64.Build.0 = Debug|x64
		{144643D6-F2EC-11EC-9890-2A39265D5855}.Debug|x86.ActiveCfg = Debug|Win32
		{144643D6-F2EC-11EC-9890-2A39265D5855}.Debug|x86.Build.0 = Debug|Win32
		{144643D6-F2EC-11EC-9890-2A39265D5855}.Release|x64.ActiveCfg = Release|x64
		{144643D6-F2EC-11EC-9890-2A39265D5855}.Release|x64.Build.0 = Release|x64
		{144643D6-F2EC-11EC-9890-2A39265D5855}.Release|x86.ActiveCfg = Release|Win32
		{144643D6-F2EC-11EC-9890-2A39265D5855}.Release|x86.Build.0 = Release|Win32
		{9FF6A0E6-0A2E-11ED-85DD-60A5E280BBD6}.Debug|x64.ActiveCfg = Debug|x64
		{9FF6A0E6-0A2E-11ED-85DD-60A5E280BBD6}.Debug|x64.Build.0 = Debug|x64
		{9FF6A0E6-0A2E-11ED-85DD-60A5E280BBD6}.Debug|x86.ActiveCfg = Debug|Win32
		{9FF6A0E6-0A2E-11ED-85DD-60A5E280BBD6}.Debug|x86.Build.0 = Debug|Win32
		{9FF6A0E6-0A2E-11ED-85DD-60A5E280BBD6}.Release|x64.ActiveCfg = Release|x64
		{9FF6A0E6-0A2E-11ED-85DD-60A5E280BBD6}.Release|x64.Build.0 = Release|x64
		{9FF6A0E6-0A2E-11ED-85DD-60A5E280BBD6}.Release|x86.ActiveCfg = Release|Win32
		{9FF6A0E6-0A2E-11ED-85DD-60A5E280BBD6}.Release|x86.Build.0 = Release|Win32
	EndGlobalSection
	GlobalSection(SolutionProperties) = preSolution
		HideSolutionNode = FALSE
	EndGlobalSection
	GlobalSection(ExtensibilityGlobals) = postSolution
		SolutionGuid = {D89B1B0E-9810-40F1-8C5E-E457678C9B7B}
	EndGlobalSection
EndGlobal
